
Microsoft Visual Studio Solution File, Format Version 12.00
# Visual Studio Version 16
VisualStudioVersion = 16.0.30011.22
MinimumVisualStudioVersion = 10.0.40219.1
Project("{FAE04EC0-301F-11D3-BF4B-00C04F79EFBC}") = "HttpPatchSample", "HttpPatchSample.csproj", "{3EC95954-7A72-44C2-A7F9-E42A8AA23474}"
EndProject
Global
	GlobalSection(SolutionConfigurationPlatforms) = preSolution
		Debug|Any CPU = Debug|Any CPU
		Release|Any CPU = Release|Any CPU
	EndGlobalSection
	GlobalSection(ProjectConfigurationPlatforms) = postSolution
		{3EC95954-7A72-44C2-A7F9-E42A8AA23474}.Debug|Any CPU.ActiveCfg = Debug|Any CPU
		{3EC95954-7A72-44C2-A7F9-E42A8AA23474}.Debug|Any CPU.Build.0 = Debug|Any CPU
		{3EC95954-7A72-44C2-A7F9-E42A8AA23474}.Release|Any CPU.ActiveCfg = Release|Any CPU
		{3EC95954-7A72-44C2-A7F9-E42A8AA23474}.Release|Any CPU.Build.0 = Release|Any CPU
	EndGlobalSection
	GlobalSection(SolutionProperties) = preSolution
		HideSolutionNode = FALSE
	EndGlobalSection
	GlobalSection(ExtensibilityGlobals) = postSolution
		SolutionGuid = {FFECD77B-3EA4-4658-A635-E67BBA6B3ECA}
	EndGlobalSection
EndGlobal
